# THIS IS AN AUTOGENERATED FILE. DO NOT EDIT THIS FILE DIRECTLY.
# yarn lockfile v1


"aabb-3d@github:andyhall/aabb-3d":
  version "0.2.1"
  resolved "https://codeload.github.com/andyhall/aabb-3d/tar.gz/6b0fb3ce72d4e8e5e8fb3e4b3581a194d952b8fa"
  dependencies:
    gl-vec3 "^1.0.3"

gl-vec3@^1.0.3:
  version "1.0.3"
  resolved "https://registry.yarnpkg.com/gl-vec3/-/gl-vec3-1.0.3.tgz#110fd897d0729f6398307381567d0944941bf22b"

voxel-aabb-sweep@^0.5.0:
  version "0.5.0"
  resolved "https://registry.yarnpkg.com/voxel-aabb-sweep/-/voxel-aabb-sweep-0.5.0.tgz#af4246eed88f15978390832251733067667e3a8b"
